// !$*UTF8*$!
{
	archiveVersion = 1;
	classes = {
	};
	objectVersion = 46;
	objects = {

/* Begin PBXBuildFile section */
		34A23D531976781D0060A255 /* KDCnCal.swift in Sources */ = {isa = PBXBuildFile; fileRef = 34A23D521976781D0060A255 /* KDCnCal.swift */; };
		34DEC0C9175DE77E00DF8BAA /* UIKit.framework in Frameworks */ = {isa = PBXBuildFile; fileRef = 34DEC0C8175DE77E00DF8BAA /* UIKit.framework */; };
		34DEC0CB175DE77E00DF8BAA /* Foundation.framework in Frameworks */ = {isa = PBXBuildFile; fileRef = 34DEC0CA175DE77E00DF8BAA /* Foundation.framework */; };
		34DEC0CD175DE77E00DF8BAA /* CoreGraphics.framework in Frameworks */ = {isa = PBXBuildFile; fileRef = 34DEC0CC175DE77E00DF8BAA /* CoreGraphics.framework */; };
		34DEC0D3175DE77E00DF8BAA /* InfoPlist.strings in Resources */ = {isa = PBXBuildFile; fileRef = 34DEC0D1175DE77E00DF8BAA /* InfoPlist.strings */; };
		34DEC0D5175DE77E00DF8BAA /* main.m in Sources */ = {isa = PBXBuildFile; fileRef = 34DEC0D4175DE77E00DF8BAA /* main.m */; };
		34DEC0D9175DE77E00DF8BAA /* AppDelegate.m in Sources */ = {isa = PBXBuildFile; fileRef = 34DEC0D8175DE77E00DF8BAA /* AppDelegate.m */; };
		34DEC0DB175DE77E00DF8BAA /* Default.png in Resources */ = {isa = PBXBuildFile; fileRef = 34DEC0DA175DE77E00DF8BAA /* Default.png */; };
		34DEC0DD175DE77E00DF8BAA /* Default@2x.png in Resources */ = {isa = PBXBuildFile; fileRef = 34DEC0DC175DE77E00DF8BAA /* Default@2x.png */; };
		34DEC0DF175DE77E00DF8BAA /* Default-568h@2x.png in Resources */ = {isa = PBXBuildFile; fileRef = 34DEC0DE175DE77E00DF8BAA /* Default-568h@2x.png */; };
		34DEC0E2175DE77E00DF8BAA /* ViewController.m in Sources */ = {isa = PBXBuildFile; fileRef = 34DEC0E1175DE77E00DF8BAA /* ViewController.m */; };
		34DEC0E5175DE77E00DF8BAA /* ViewController.xib in Resources */ = {isa = PBXBuildFile; fileRef = 34DEC0E3175DE77E00DF8BAA /* ViewController.xib */; };
/* End PBXBuildFile section */

/* Begin PBXFileReference section */
		34A23D511976781D0060A255 /* ChineseCalendar-Bridging-Header.h */ = {isa = PBXFileReference; lastKnownFileType = sourcecode.c.h; path = "ChineseCalendar-Bridging-Header.h"; sourceTree = "<group>"; };
		34A23D521976781D0060A255 /* KDCnCal.swift */ = {isa = PBXFileReference; fileEncoding = 4; lastKnownFileType = sourcecode.swift; path = KDCnCal.swift; sourceTree = "<group>"; };
		34DEC0C5175DE77E00DF8BAA /* ChineseCalendar.app */ = {isa = PBXFileReference; explicitFileType = wrapper.application; includeInIndex = 0; path = ChineseCalendar.app; sourceTree = BUILT_PRODUCTS_DIR; };
		34DEC0C8175DE77E00DF8BAA /* UIKit.framework */ = {isa = PBXFileReference; lastKnownFileType = wrapper.framework; name = UIKit.framework; path = System/Library/Frameworks/UIKit.framework; sourceTree = SDKROOT; };
		34DEC0CA175DE77E00DF8BAA /* Foundation.framework */ = {isa = PBXFileReference; lastKnownFileType = wrapper.framework; name = Foundation.framework; path = System/Library/Frameworks/Foundation.framework; sourceTree = SDKROOT; };
		34DEC0CC175DE77E00DF8BAA /* CoreGraphics.framework */ = {isa = PBXFileReference; lastKnownFileType = wrapper.framework; name = CoreGraphics.framework; path = System/Library/Frameworks/CoreGraphics.framework; sourceTree = SDKROOT; };
		34DEC0D0175DE77E00DF8BAA /* ChineseCalendar-Info.plist */ = {isa = PBXFileReference; lastKnownFileType = text.plist.xml; path = "ChineseCalendar-Info.plist"; sourceTree = "<group>"; };
		34DEC0D2175DE77E00DF8BAA /* en */ = {isa = PBXFileReference; lastKnownFileType = text.plist.strings; name = en; path = en.lproj/InfoPlist.strings; sourceTree = "<group>"; };
		34DEC0D4175DE77E00DF8BAA /* main.m */ = {isa = PBXFileReference; lastKnownFileType = sourcecode.c.objc; path = main.m; sourceTree = "<group>"; };
		34DEC0D6175DE77E00DF8BAA /* ChineseCalendar-Prefix.pch */ = {isa = PBXFileReference; lastKnownFileType = sourcecode.c.h; path = "ChineseCalendar-Prefix.pch"; sourceTree = "<group>"; };
		34DEC0D7175DE77E00DF8BAA /* AppDelegate.h */ = {isa = PBXFileReference; lastKnownFileType = sourcecode.c.h; path = AppDelegate.h; sourceTree = "<group>"; };
		34DEC0D8175DE77E00DF8BAA /* AppDelegate.m */ = {isa = PBXFileReference; lastKnownFileType = sourcecode.c.objc; path = AppDelegate.m; sourceTree = "<group>"; };
		34DEC0DA175DE77E00DF8BAA /* Default.png */ = {isa = PBXFileReference; lastKnownFileType = image.png; path = Default.png; sourceTree = "<group>"; };
		34DEC0DC175DE77E00DF8BAA /* Default@2x.png */ = {isa = PBXFileReference; lastKnownFileType = image.png; path = "Default@2x.png"; sourceTree = "<group>"; };
		34DEC0DE175DE77E00DF8BAA /* Default-568h@2x.png */ = {isa = PBXFileReference; lastKnownFileType = image.png; path = "Default-568h@2x.png"; sourceTree = "<group>"; };
		34DEC0E0175DE77E00DF8BAA /* ViewController.h */ = {isa = PBXFileReference; lastKnownFileType = sourcecode.c.h; path = ViewController.h; sourceTree = "<group>"; };
		34DEC0E1175DE77E00DF8BAA /* ViewController.m */ = {isa = PBXFileReference; lastKnownFileType = sourcecode.c.objc; path = ViewController.m; sourceTree = "<group>"; };
		34DEC0E4175DE77E00DF8BAA /* en */ = {isa = PBXFileReference; lastKnownFileType = file.xib; name = en; path = en.lproj/ViewController.xib; sourceTree = "<group>"; };
/* End PBXFileReference section */

/* Begin PBXFrameworksBuildPhase section */
		34DEC0C2175DE77E00DF8BAA /* Frameworks */ = {
			isa = PBXFrameworksBuildPhase;
			buildActionMask = 2147483647;
			files = (
				34DEC0C9175DE77E00DF8BAA /* UIKit.framework in Frameworks */,
				34DEC0CB175DE77E00DF8BAA /* Foundation.framework in Frameworks */,
				34DEC0CD175DE77E00DF8BAA /* CoreGraphics.framework in Frameworks */,
			);
			runOnlyForDeploymentPostprocessing = 0;
		};
/* End PBXFrameworksBuildPhase section */

/* Begin PBXGroup section */
		34DEC0BC175DE77E00DF8BAA = {
			isa = PBXGroup;
			children = (
				34DEC0CE175DE77E00DF8BAA /* ChineseCalendar */,
				34DEC0C7175DE77E00DF8BAA /* Frameworks */,
				34DEC0C6175DE77E00DF8BAA /* Products */,
			);
			sourceTree = "<group>";
		};
		34DEC0C6175DE77E00DF8BAA /* Products */ = {
			isa = PBXGroup;
			children = (
				34DEC0C5175DE77E00DF8BAA /* ChineseCalendar.app */,
			);
			name = Products;
			sourceTree = "<group>";
		};
		34DEC0C7175DE77E00DF8BAA /* Frameworks */ = {
			isa = PBXGroup;
			children = (
				34DEC0C8175DE77E00DF8BAA /* UIKit.framework */,
				34DEC0CA175DE77E00DF8BAA /* Foundation.framework */,
				34DEC0CC175DE77E00DF8BAA /* CoreGraphics.framework */,
			);
			name = Frameworks;
			sourceTree = "<group>";
		};
		34DEC0CE175DE77E00DF8BAA /* ChineseCalendar */ = {
			isa = PBXGroup;
			children = (
				34DEC0D7175DE77E00DF8BAA /* AppDelegate.h */,
				34DEC0D8175DE77E00DF8BAA /* AppDelegate.m */,
				34DEC0E0175DE77E00DF8BAA /* ViewController.h */,
				34DEC0E1175DE77E00DF8BAA /* ViewController.m */,
				34DEC0E3175DE77E00DF8BAA /* ViewController.xib */,
				34A23D521976781D0060A255 /* KDCnCal.swift */,
				34DEC0CF175DE77E00DF8BAA /* Supporting Files */,
				34A23D511976781D0060A255 /* ChineseCalendar-Bridging-Header.h */,
			);
			path = ChineseCalendar;
			sourceTree = "<group>";
		};
		34DEC0CF175DE77E00DF8BAA /* Supporting Files */ = {
			isa = PBXGroup;
			children = (
				34DEC0D0175DE77E00DF8BAA /* ChineseCalendar-Info.plist */,
				34DEC0D1175DE77E00DF8BAA /* InfoPlist.strings */,
				34DEC0D4175DE77E00DF8BAA /* main.m */,
				34DEC0D6175DE77E00DF8BAA /* ChineseCalendar-Prefix.pch */,
				34DEC0DA175DE77E00DF8BAA /* Default.png */,
				34DEC0DC175DE77E00DF8BAA /* Default@2x.png */,
				34DEC0DE175DE77E00DF8BAA /* Default-568h@2x.png */,
			);
			name = "Supporting Files";
			sourceTree = "<group>";
		};
/* End PBXGroup section */

/* Begin PBXNativeTarget section */
		34DEC0C4175DE77E00DF8BAA /* ChineseCalendar */ = {
			isa = PBXNativeTarget;
			buildConfigurationList = 34DEC0E8175DE77E00DF8BAA /* Build configuration list for PBXNativeTarget "ChineseCalendar" */;
			buildPhases = (
				34DEC0C1175DE77E00DF8BAA /* Sources */,
				34DEC0C2175DE77E00DF8BAA /* Frameworks */,
				34DEC0C3175DE77E00DF8BAA /* Resources */,
			);
			buildRules = (
			);
			dependencies = (
			);
			name = ChineseCalendar;
			productName = ChineseCalendar;
			productReference = 34DEC0C5175DE77E00DF8BAA /* ChineseCalendar.app */;
			productType = "com.apple.product-type.application";
		};
/* End PBXNativeTarget section */

/* Begin PBXProject section */
		34DEC0BD175DE77E00DF8BAA /* Project object */ = {
			isa = PBXProject;
			attributes = {
				LastUpgradeCheck = 0460;
				ORGANIZATIONNAME = "斌";
			};
			buildConfigurationList = 34DEC0C0175DE77E00DF8BAA /* Build configuration list for PBXProject "ChineseCalendar" */;
			compatibilityVersion = "Xcode 3.2";
			developmentRegion = English;
			hasScannedForEncodings = 0;
			knownRegions = (
				en,
			);
			mainGroup = 34DEC0BC175DE77E00DF8BAA;
			productRefGroup = 34DEC0C6175DE77E00DF8BAA /* Products */;
			projectDirPath = "";
			projectRoot = "";
			targets = (
				34DEC0C4175DE77E00DF8BAA /* ChineseCalendar */,
			);
		};
/* End PBXProject section */

/* Begin PBXResourcesBuildPhase section */
		34DEC0C3175DE77E00DF8BAA /* Resources */ = {
			isa = PBXResourcesBuildPhase;
			buildActionMask = 2147483647;
			files = (
				34DEC0D3175DE77E00DF8BAA /* InfoPlist.strings in Resources */,
				34DEC0DB175DE77E00DF8BAA /* Default.png in Resources */,
				34DEC0DD175DE77E00DF8BAA /* Default@2x.png in Resources */,
				34DEC0DF175DE77E00DF8BAA /* Default-568h@2x.png in Resources */,
				34DEC0E5175DE77E00DF8BAA /* ViewController.xib in Resources */,
			);
			runOnlyForDeploymentPostprocessing = 0;
		};
/* End PBXResourcesBuildPhase section */

/* Begin PBXSourcesBuildPhase section */
		34DEC0C1175DE77E00DF8BAA /* Sources */ = {
			isa = PBXSourcesBuildPhase;
			buildActionMask = 2147483647;
			files = (
				34A23D531976781D0060A255 /* KDCnCal.swift in Sources */,
				34DEC0D5175DE77E00DF8BAA /* main.m in Sources */,
				34DEC0D9175DE77E00DF8BAA /* AppDelegate.m in Sources */,
				34DEC0E2175DE77E00DF8BAA /* ViewController.m in Sources */,
			);
			runOnlyForDeploymentPostprocessing = 0;
		};
/* End PBXSourcesBuildPhase section */

/* Begin PBXVariantGroup section */
		34DEC0D1175DE77E00DF8BAA /* InfoPlist.strings */ = {
			isa = PBXVariantGroup;
			children = (
				34DEC0D2175DE77E00DF8BAA /* en */,
			);
			name = InfoPlist.strings;
			sourceTree = "<group>";
		};
		34DEC0E3175DE77E00DF8BAA /* ViewController.xib */ = {
			isa = PBXVariantGroup;
			children = (
				34DEC0E4175DE77E00DF8BAA /* en */,
			);
			name = ViewController.xib;
			sourceTree = "<group>";
		};
/* End PBXVariantGroup section */

/* Begin XCBuildConfiguration section */
		34DEC0E6175DE77E00DF8BAA /* Debug */ = {
			isa = XCBuildConfiguration;
			buildSettings = {
				ALWAYS_SEARCH_USER_PATHS = NO;
				CLANG_CXX_LANGUAGE_STANDARD = "gnu++0x";
				CLANG_CXX_LIBRARY = "libc++";
				CLANG_ENABLE_OBJC_ARC = YES;
				CLANG_WARN_CONSTANT_CONVERSION = YES;
				CLANG_WARN_EMPTY_BODY = YES;
				CLANG_WARN_ENUM_CONVERSION = YES;
				CLANG_WARN_INT_CONVERSION = YES;
				CLANG_WARN__DUPLICATE_METHOD_MATCH = YES;
				"CODE_SIGN_IDENTITY[sdk=iphoneos*]" = "iPhone Developer";
				COPY_PHASE_STRIP = NO;
				GCC_C_LANGUAGE_STANDARD = gnu99;
				GCC_DYNAMIC_NO_PIC = NO;
				GCC_OPTIMIZATION_LEVEL = 0;
				GCC_PREPROCESSOR_DEFINITIONS = (
					"DEBUG=1",
					"$(inherited)",
				);
				GCC_SYMBOLS_PRIVATE_EXTERN = NO;
				GCC_WARN_ABOUT_RETURN_TYPE = YES;
				GCC_WARN_UNINITIALIZED_AUTOS = YES;
				GCC_WARN_UNUSED_VARIABLE = YES;
				IPHONEOS_DEPLOYMENT_TARGET = 6.1;
				ONLY_ACTIVE_ARCH = YES;
				SDKROOT = iphoneos;
			};
			name = Debug;
		};
		34DEC0E7175DE77E00DF8BAA /* Release */ = {
			isa = XCBuildConfiguration;
			buildSettings = {
				ALWAYS_SEARCH_USER_PATHS = NO;
				CLANG_CXX_LANGUAGE_STANDARD = "gnu++0x";
				CLANG_CXX_LIBRARY = "libc++";
				CLANG_ENABLE_OBJC_ARC = YES;
				CLANG_WARN_CONSTANT_CONVERSION = YES;
				CLANG_WARN_EMPTY_BODY = YES;
				CLANG_WARN_ENUM_CONVERSION = YES;
				CLANG_WARN_INT_CONVERSION = YES;
				CLANG_WARN__DUPLICATE_METHOD_MATCH = YES;
				"CODE_SIGN_IDENTITY[sdk=iphoneos*]" = "iPhone Developer";
				COPY_PHASE_STRIP = YES;
				GCC_C_LANGUAGE_STANDARD = gnu99;
				GCC_WARN_ABOUT_RETURN_TYPE = YES;
				GCC_WARN_UNINITIALIZED_AUTOS = YES;
				GCC_WARN_UNUSED_VARIABLE = YES;
				IPHONEOS_DEPLOYMENT_TARGET = 6.1;
				OTHER_CFLAGS = "-DNS_BLOCK_ASSERTIONS=1";
				SDKROOT = iphoneos;
				VALIDATE_PRODUCT = YES;
			};
			name = Release;
		};
		34DEC0E9175DE77E00DF8BAA /* Debug */ = {
			isa = XCBuildConfiguration;
			buildSettings = {
				CLANG_ENABLE_MODULES = YES;
				GCC_PRECOMPILE_PREFIX_HEADER = YES;
				GCC_PREFIX_HEADER = "ChineseCalendar/ChineseCalendar-Prefix.pch";
				INFOPLIST_FILE = "ChineseCalendar/ChineseCalendar-Info.plist";
				LD_RUNPATH_SEARCH_PATHS = "$(inherited) @executable_path/Frameworks";
				PRODUCT_NAME = "$(TARGET_NAME)";
				SWIFT_OBJC_BRIDGING_HEADER = "ChineseCalendar/ChineseCalendar-Bridging-Header.h";
				SWIFT_OPTIMIZATION_LEVEL = "-Onone";
				WRAPPER_EXTENSION = app;
			};
			name = Debug;
		};
		34DEC0EA175DE77E00DF8BAA /* Release */ = {
			isa = XCBuildConfiguration;
			buildSettings = {
				CLANG_ENABLE_MODULES = YES;
				GCC_PRECOMPILE_PREFIX_HEADER = YES;
				GCC_PREFIX_HEADER = "ChineseCalendar/ChineseCalendar-Prefix.pch";
				INFOPLIST_FILE = "ChineseCalendar/ChineseCalendar-Info.plist";
				LD_RUNPATH_SEARCH_PATHS = "$(inherited) @executable_path/Frameworks";
				PRODUCT_NAME = "$(TARGET_NAME)";
				SWIFT_OBJC_BRIDGING_HEADER = "ChineseCalendar/ChineseCalendar-Bridging-Header.h";
				WRAPPER_EXTENSION = app;
			};
			name = Release;
		};
/* End XCBuildConfiguration section */

/* Begin XCConfigurationList section */
		34DEC0C0175DE77E00DF8BAA /* Build configuration list for PBXProject "ChineseCalendar" */ = {
			isa = XCConfigurationList;
			buildConfigurations = (
				34DEC0E6175DE77E00DF8BAA /* Debug */,
				34DEC0E7175DE77E00DF8BAA /* Release */,
			);
			defaultConfigurationIsVisible = 0;
			defaultConfigurationName = Release;
		};
		34DEC0E8175DE77E00DF8BAA /* Build configuration list for PBXNativeTarget "ChineseCalendar" */ = {
			isa = XCConfigurationList;
			buildConfigurations = (
				34DEC0E9175DE77E00DF8BAA /* Debug */,
				34DEC0EA175DE77E00DF8BAA /* Release */,
			);
			defaultConfigurationIsVisible = 0;
			defaultConfigurationName = Release;
		};
/* End XCConfigurationList section */
	};
	rootObject = 34DEC0BD175DE77E00DF8BAA /* Project object */;
}
